{
  "name": "@browser-auto/core",
  "version": "0.0.1",
  "lockfileVersion": 3,
  "requires": true,
  "packages": {
    "": {
      "name": "@browser-auto/core",
      "version": "0.0.1",
      "dependencies": {
        "ws": "^8.20.0",
        "zod": "^4.4.3"
      },
      "devDependencies": {
        "typescript": "^5.8.3"
      }
    },
    "../../node_modules/.pnpm/@ai-sdk+anthropic@3.0.75_zod@4.4.3/node_modules/@ai-sdk/anthropic": {
      "version": "3.0.75",
      "extraneous": true,
      "license": "Apache-2.0",
      "dependencies": {
        "@ai-sdk/provider": "3.0.10",
        "@ai-sdk/provider-utils": "4.0.26"
      },
      "devDependencies": {
        "@ai-sdk/test-server": "1.0.5",
        "@types/node": "20.17.24",
        "@vercel/ai-tsconfig": "0.0.0",
        "tsup": "^8",
        "typescript": "5.8.3",
        "zod": "3.25.76"
      },
      "engines": {
        "node": ">=18"
      },
      "peerDependencies": {
        "zod": "^3.25.76 || ^4.1.8"
      }
    },
    "../../node_modules/.pnpm/@ai-sdk+deepseek@2.0.33_zod@4.4.3/node_modules/@ai-sdk/deepseek": {
      "version": "2.0.33",
      "extraneous": true,
      "license": "Apache-2.0",
      "dependencies": {
        "@ai-sdk/provider": "3.0.10",
        "@ai-sdk/provider-utils": "4.0.26"
      },
      "devDependencies": {
        "@ai-sdk/test-server": "1.0.5",
        "@types/node": "20.17.24",
        "@vercel/ai-tsconfig": "0.0.0",
        "tsup": "^8",
        "typescript": "5.8.3",
        "zod": "3.25.76"
      },
      "engines": {
        "node": ">=18"
      },
      "peerDependencies": {
        "zod": "^3.25.76 || ^4.1.8"
      }
    },
    "../../node_modules/.pnpm/@ai-sdk+openai@3.0.62_zod@4.4.3/node_modules/@ai-sdk/openai": {
      "version": "3.0.62",
      "extraneous": true,
      "license": "Apache-2.0",
      "dependencies": {
        "@ai-sdk/provider": "3.0.10",
        "@ai-sdk/provider-utils": "4.0.26"
      },
      "devDependencies": {
        "@ai-sdk/test-server": "1.0.5",
        "@types/node": "20.17.24",
        "@vercel/ai-tsconfig": "0.0.0",
        "tsup": "^8",
        "typescript": "5.8.3",
        "zod": "3.25.76"
      },
      "engines": {
        "node": ">=18"
      },
      "peerDependencies": {
        "zod": "^3.25.76 || ^4.1.8"
      }
    },
    "../../node_modules/.pnpm/ai@6.0.175_zod@4.4.3/node_modules/ai": {
      "version": "6.0.175",
      "extraneous": true,
      "license": "Apache-2.0",
      "dependencies": {
        "@ai-sdk/gateway": "3.0.110",
        "@ai-sdk/provider": "3.0.10",
        "@ai-sdk/provider-utils": "4.0.26",
        "@opentelemetry/api": "1.9.0"
      },
      "devDependencies": {
        "@ai-sdk/test-server": "1.0.5",
        "@edge-runtime/vm": "^5.0.0",
        "@types/json-schema": "7.0.15",
        "@types/node": "20.17.24",
        "@vercel/ai-tsconfig": "0.0.0",
        "esbuild": "^0.24.2",
        "tsup": "^7.2.0",
        "tsx": "^4.19.2",
        "typescript": "5.8.3",
        "zod": "3.25.76"
      },
      "engines": {
        "node": ">=18"
      },
      "peerDependencies": {
        "zod": "^3.25.76 || ^4.1.8"
      }
    },
    "../../node_modules/.pnpm/playwright@1.59.1/node_modules/playwright": {
      "version": "1.59.1",
      "extraneous": true,
      "license": "Apache-2.0",
      "dependencies": {
        "playwright-core": "1.59.1"
      },
      "bin": {
        "playwright": "cli.js"
      },
      "engines": {
        "node": ">=18"
      },
      "optionalDependencies": {
        "fsevents": "2.3.2"
      }
    },
    "../../node_modules/.pnpm/typescript@5.9.3/node_modules/typescript": {
      "version": "5.9.3",
      "dev": true,
      "license": "Apache-2.0",
      "bin": {
        "tsc": "bin/tsc",
        "tsserver": "bin/tsserver"
      },
      "devDependencies": {
        "@dprint/formatter": "^0.4.1",
        "@dprint/typescript": "0.93.4",
        "@esfx/canceltoken": "^1.0.0",
        "@eslint/js": "^9.20.0",
        "@octokit/rest": "^21.1.1",
        "@types/chai": "^4.3.20",
        "@types/diff": "^7.0.1",
        "@types/minimist": "^1.2.5",
        "@types/mocha": "^10.0.10",
        "@types/ms": "^0.7.34",
        "@types/node": "latest",
        "@types/source-map-support": "^0.5.10",
        "@types/which": "^3.0.4",
        "@typescript-eslint/rule-tester": "^8.24.1",
        "@typescript-eslint/type-utils": "^8.24.1",
        "@typescript-eslint/utils": "^8.24.1",
        "azure-devops-node-api": "^14.1.0",
        "c8": "^10.1.3",
        "chai": "^4.5.0",
        "chokidar": "^4.0.3",
        "diff": "^7.0.0",
        "dprint": "^0.49.0",
        "esbuild": "^0.25.0",
        "eslint": "^9.20.1",
        "eslint-formatter-autolinkable-stylish": "^1.4.0",
        "eslint-plugin-regexp": "^2.7.0",
        "fast-xml-parser": "^4.5.2",
        "glob": "^10.4.5",
        "globals": "^15.15.0",
        "hereby": "^1.10.0",
        "jsonc-parser": "^3.3.1",
        "knip": "^5.44.4",
        "minimist": "^1.2.8",
        "mocha": "^10.8.2",
        "mocha-fivemat-progress-reporter": "^0.1.0",
        "monocart-coverage-reports": "^2.12.1",
        "ms": "^2.1.3",
        "picocolors": "^1.1.1",
        "playwright": "^1.50.1",
        "source-map-support": "^0.5.21",
        "tslib": "^2.8.1",
        "typescript": "^5.7.3",
        "typescript-eslint": "^8.24.1",
        "which": "^3.0.1"
      },
      "engines": {
        "node": ">=14.17"
      }
    },
    "../../node_modules/.pnpm/zod@4.4.3/node_modules/zod": {
      "version": "4.4.3",
      "license": "MIT",
      "funding": {
        "url": "https://github.com/sponsors/colinhacks"
      }
    },
    "node_modules/typescript": {
      "resolved": "../../node_modules/.pnpm/typescript@5.9.3/node_modules/typescript",
      "link": true
    },
    "node_modules/ws": {
      "version": "8.20.0",
      "resolved": "https://registry.npmmirror.com/ws/-/ws-8.20.0.tgz",
      "integrity": "sha512-sAt8BhgNbzCtgGbt2OxmpuryO63ZoDk/sqaB/znQm94T4fCEsy/yV+7CdC1kJhOU9lboAEU7R3kquuycDoibVA==",
      "license": "MIT",
      "engines": {
        "node": ">=10.0.0"
      },
      "peerDependencies": {
        "bufferutil": "^4.0.1",
        "utf-8-validate": ">=5.0.2"
      },
      "peerDependenciesMeta": {
        "bufferutil": {
          "optional": true
        },
        "utf-8-validate": {
          "optional": true
        }
      }
    },
    "node_modules/zod": {
      "resolved": "../../node_modules/.pnpm/zod@4.4.3/node_modules/zod",
      "link": true
    }
  }
}
